
Microsoft Visual Studio Solution File, Format Version 12.00
# Visual Studio 15
VisualStudioVersion = 15.0.27428.2043
MinimumVisualStudioVersion = 10.0.40219.1
Project("{9A19103F-16F7-4668-BE54-9A1E7A4F7556}") = "Example", "Example\Example.csproj", "{30C55998-0E1C-4AE9-A8A9-58815C2D5048}"
EndProject
Project("{FAE04EC0-301F-11D3-BF4B-00C04F79EFBC}") = "Example.Android", "Example.Android\Example.Android.csproj", "{05EE2696-9D94-4DCE-AD4F-2C1C5C052A57}"
EndProject
Project("{FAE04EC0-301F-11D3-BF4B-00C04F79EFBC}") = "Example.iOS", "Example.iOS\Example.iOS.csproj", "{00023BF2-7D9E-439C-8942-54D3F21E2710}"
EndProject
Global
	GlobalSection(SolutionConfigurationPlatforms) = preSolution
		Ad-Hoc|Any CPU = Ad-Hoc|Any CPU
		Ad-Hoc|iPhone = Ad-Hoc|iPhone
		Ad-Hoc|iPhoneSimulator = Ad-Hoc|iPhoneSimulator
		AppStore|Any CPU = AppStore|Any CPU
		AppStore|iPhone = AppStore|iPhone
		AppStore|iPhoneSimulator = AppStore|iPhoneSimulator
		Debug|Any CPU = Debug|Any CPU
		Debug|iPhone = Debug|iPhone
		Debug|iPhoneSimulator = Debug|iPhoneSimulator
		Release|Any CPU = Release|Any CPU
		Release|iPhone = Release|iPhone
		Release|iPhoneSimulator = Release|iPhoneSimulator
	EndGlobalSection
	GlobalSection(ProjectConfigurationPlatforms) = postSolution
		{30C55998-0E1C-4AE9-A8A9-58815C2D5048}.Ad-Hoc|Any CPU.ActiveCfg = Debug|Any CPU
		{30C55998-0E1C-4AE9-A8A9-58815C2D5048}.Ad-Hoc|Any CPU.Build.0 = Debug|Any CPU
		{30C55998-0E1C-4AE9-A8A9-58815C2D5048}.Ad-Hoc|iPhone.ActiveCfg = Debug|Any CPU
		{30C55998-0E1C-4AE9-A8A9-58815C2D5048}.Ad-Hoc|iPhone.Build.0 = Debug|Any CPU
		{30C55998-0E1C-4AE9-A8A9-58815C2D5048}.Ad-Hoc|iPhoneSimulator.ActiveCfg = Debug|Any CPU
		{30C55998-0E1C-4AE9-A8A9-58815C2D5048}.Ad-Hoc|iPhoneSimulator.Build.0 = Debug|Any CPU
		{30C55998-0E1C-4AE9-A8A9-58815C2D5048}.AppStore|Any CPU.ActiveCfg = Debug|Any CPU
		{30C55998-0E1C-4AE9-A8A9-58815C2D5048}.AppStore|Any CPU.Build.0 = Debug|Any CPU
		{30C55998-0E1C-4AE9-A8A9-58815C2D5048}.AppStore|iPhone.ActiveCfg = Debug|Any CPU
		{30C55998-0E1C-4AE9-A8A9-58815C2D5048}.AppStore|iPhone.Build.0 = Debug|Any CPU
		{30C55998-0E1C-4AE9-A8A9-58815C2D5048}.AppStore|iPhoneSimulator.ActiveCfg = Debug|Any CPU
		{30C55998-0E1C-4AE9-A8A9-58815C2D5048}.AppStore|iPhoneSimulator.Build.0 = Debug|Any CPU
		{30C55998-0E1C-4AE9-A8A9-58815C2D5048}.Debug|Any CPU.ActiveCfg = Debug|Any CPU
		{30C55998-0E1C-4AE9-A8A9-58815C2D5048}.Debug|Any CPU.Build.0 = Debug|Any CPU
		{30C55998-0E1C-4AE9-A8A9-58815C2D5048}.Debug|iPhone.ActiveCfg = Debug|Any CPU
		{30C55998-0E1C-4AE9-A8A9-58815C2D5048}.Debug|iPhone.Build.0 = Debug|Any CPU
		{30C55998-0E1C-4AE9-A8A9-58815C2D5048}.Debug|iPhoneSimulator.ActiveCfg = Debug|Any CPU
		{30C55998-0E1C-4AE9-A8A9-58815C2D5048}.Debug|iPhoneSimulator.Build.0 = Debug|Any CPU
		{30C55998-0E1C-4AE9-A8A9-58815C2D5048}.Release|Any CPU.ActiveCfg = Release|Any CPU
		{30C55998-0E1C-4AE9-A8A9-58815C2D5048}.Release|Any CPU.Build.0 = Release|Any CPU
		{30C55998-0E1C-4AE9-A8A9-58815C2D5048}.Release|iPhone.ActiveCfg = Release|Any CPU
		{30C55998-0E1C-4AE9-A8A9-58815C2D5048}.Release|iPhone.Build.0 = Release|Any CPU
		{30C55998-0E1C-4AE9-A8A9-58815C2D5048}.Release|iPhoneSimulator.ActiveCfg = Release|Any CPU
		{30C55998-0E1C-4AE9-A8A9-58815C2D5048}.Release|iPhoneSimulator.Build.0 = Release|Any CPU
		{05EE2696-9D94-4DCE-AD4F-2C1C5C052A57}.Ad-Hoc|Any CPU.ActiveCfg = Release|Any CPU
		{05EE2696-9D94-4DCE-AD4F-2C1C5C052A57}.Ad-Hoc|Any CPU.Build.0 = Release|Any CPU
		{05EE2696-9D94-4DCE-AD4F-2C1C5C052A57}.Ad-Hoc|Any CPU.Deploy.0 = Release|Any CPU
		{05EE2696-9D94-4DCE-AD4F-2C1C5C052A57}.Ad-Hoc|iPhone.ActiveCfg = Release|Any CPU
		{05EE2696-9D94-4DCE-AD4F-2C1C5C052A57}.Ad-Hoc|iPhone.Build.0 = Release|Any CPU
		{05EE2696-9D94-4DCE-AD4F-2C1C5C052A57}.Ad-Hoc|iPhone.Deploy.0 = Release|Any CPU
		{05EE2696-9D94-4DCE-AD4F-2C1C5C052A57}.Ad-Hoc|iPhoneSimulator.ActiveCfg = Release|Any CPU
		{05EE2696-9D94-4DCE-AD4F-2C1C5C052A57}.Ad-Hoc|iPhoneSimulator.Build.0 = Release|Any CPU
		{05EE2696-9D94-4DCE-AD4F-2C1C5C052A57}.Ad-Hoc|iPhoneSimulator.Deploy.0 = Release|Any CPU
		{05EE2696-9D94-4DCE-AD4F-2C1C5C052A57}.AppStore|Any CPU.ActiveCfg = Release|Any CPU
		{05EE2696-9D94-4DCE-AD4F-2C1C5C052A57}.AppStore|Any CPU.Build.0 = Release|Any CPU
		{05EE2696-9D94-4DCE-AD4F-2C1C5C052A57}.AppStore|Any CPU.Deploy.0 = Release|Any CPU
		{05EE2696-9D94-4DCE-AD4F-2C1C5C052A57}.AppStore|iPhone.ActiveCfg = Release|Any CPU
		{05EE2696-9D94-4DCE-AD4F-2C1C5C052A57}.AppStore|iPhone.Build.0 = Release|Any CPU
		{05EE2696-9D94-4DCE-AD4F-2C1C5C052A57}.AppStore|iPhone.Deploy.0 = Release|Any CPU
		{05EE2696-9D94-4DCE-AD4F-2C1C5C052A57}.AppStore|iPhoneSimulator.ActiveCfg = Release|Any CPU
		{05EE2696-9D94-4DCE-AD4F-2C1C5C052A57}.AppStore|iPhoneSimulator.Build.0 = Release|Any CPU
		{05EE2696-9D94-4DCE-AD4F-2C1C5C052A57}.AppStore|iPhoneSimulator.Deploy.0 = Release|Any CPU
		{05EE2696-9D94-4DCE-AD4F-2C1C5C052A57}.Debug|Any CPU.ActiveCfg = Debug|Any CPU
		{05EE2696-9D94-4DCE-AD4F-2C1C5C052A57}.Debug|Any CPU.Build.0 = Debug|Any CPU
		{05EE2696-9D94-4DCE-AD4F-2C1C5C052A57}.Debug|Any CPU.Deploy.0 = Debug|Any CPU
		{05EE2696-9D94-4DCE-AD4F-2C1C5C052A57}.Debug|iPhone.ActiveCfg = Debug|Any CPU
		{05EE2696-9D94-4DCE-AD4F-2C1C5C052A57}.Debug|iPhone.Build.0 = Debug|Any CPU
		{05EE2696-9D94-4DCE-AD4F-2C1C5C052A57}.Debug|iPhone.Deploy.0 = Debug|Any CPU
		{05EE2696-9D94-4DCE-AD4F-2C1C5C052A57}.Debug|iPhoneSimulator.ActiveCfg = Debug|Any CPU
		{05EE2696-9D94-4DCE-AD4F-2C1C5C052A57}.Debug|iPhoneSimulator.Build.0 = Debug|Any CPU
		{05EE2696-9D94-4DCE-AD4F-2C1C5C052A57}.Debug|iPhoneSimulator.Deploy.0 = Debug|Any CPU
		{05EE2696-9D94-4DCE-AD4F-2C1C5C052A57}.Release|Any CPU.ActiveCfg = Release|Any CPU
		{05EE2696-9D94-4DCE-AD4F-2C1C5C052A57}.Release|Any CPU.Build.0 = Release|Any CPU
		{05EE2696-9D94-4DCE-AD4F-2C1C5C052A57}.Release|Any CPU.Deploy.0 = Release|Any CPU
		{05EE2696-9D94-4DCE-AD4F-2C1C5C052A57}.Release|iPhone.ActiveCfg = Release|Any CPU
		{05EE2696-9D94-4DCE-AD4F-2C1C5C052A57}.Release|iPhone.Build.0 = Release|Any CPU
		{05EE2696-9D94-4DCE-AD4F-2C1C5C052A57}.Release|iPhone.Deploy.0 = Release|Any CPU
		{05EE2696-9D94-4DCE-AD4F-2C1C5C052A57}.Release|iPhoneSimulator.ActiveCfg = Release|Any CPU
		{05EE2696-9D94-4DCE-AD4F-2C1C5C052A57}.Release|iPhoneSimulator.Build.0 = Release|Any CPU
		{05EE2696-9D94-4DCE-AD4F-2C1C5C052A57}.Release|iPhoneSimulator.Deploy.0 = Release|Any CPU
		{00023BF2-7D9E-439C-8942-54D3F21E2710}.Ad-Hoc|Any CPU.ActiveCfg = Ad-Hoc|iPhone
		{00023BF2-7D9E-439C-8942-54D3F21E2710}.Ad-Hoc|iPhone.ActiveCfg = Ad-Hoc|iPhone
		{00023BF2-7D9E-439C-8942-54D3F21E2710}.Ad-Hoc|iPhone.Build.0 = Ad-Hoc|iPhone
		{00023BF2-7D9E-439C-8942-54D3F21E2710}.Ad-Hoc|iPhoneSimulator.ActiveCfg = Ad-Hoc|iPhoneSimulator
		{00023BF2-7D9E-439C-8942-54D3F21E2710}.Ad-Hoc|iPhoneSimulator.Build.0 = Ad-Hoc|iPhoneSimulator
		{00023BF2-7D9E-439C-8942-54D3F21E2710}.AppStore|Any CPU.ActiveCfg = AppStore|iPhone
		{00023BF2-7D9E-439C-8942-54D3F21E2710}.AppStore|iPhone.ActiveCfg = AppStore|iPhone
		{00023BF2-7D9E-439C-8942-54D3F21E2710}.AppStore|iPhone.Build.0 = AppStore|iPhone
		{00023BF2-7D9E-439C-8942-54D3F21E2710}.AppStore|iPhoneSimulator.ActiveCfg = AppStore|iPhoneSimulator
		{00023BF2-7D9E-439C-8942-54D3F21E2710}.AppStore|iPhoneSimulator.Build.0 = AppStore|iPhoneSimulator
		{00023BF2-7D9E-439C-8942-54D3F21E2710}.Debug|Any CPU.ActiveCfg = Debug|iPhone
		{00023BF2-7D9E-439C-8942-54D3F21E2710}.Debug|iPhone.ActiveCfg = Debug|iPhone
		{00023BF2-7D9E-439C-8942-54D3F21E2710}.Debug|iPhone.Build.0 = Debug|iPhone
		{00023BF2-7D9E-439C-8942-54D3F21E2710}.Debug|iPhoneSimulator.ActiveCfg = Debug|iPhoneSimulator
		{00023BF2-7D9E-439C-8942-54D3F21E2710}.Debug|iPhoneSimulator.Build.0 = Debug|iPhoneSimulator
		{00023BF2-7D9E-439C-8942-54D3F21E2710}.Release|Any CPU.ActiveCfg = Release|iPhone
		{00023BF2-7D9E-439C-8942-54D3F21E2710}.Release|iPhone.ActiveCfg = Release|iPhone
		{00023BF2-7D9E-439C-8942-54D3F21E2710}.Release|iPhone.Build.0 = Release|iPhone
		{00023BF2-7D9E-439C-8942-54D3F21E2710}.Release|iPhoneSimulator.ActiveCfg = Release|iPhoneSimulator
		{00023BF2-7D9E-439C-8942-54D3F21E2710}.Release|iPhoneSimulator.Build.0 = Release|iPhoneSimulator
	EndGlobalSection
	GlobalSection(SolutionProperties) = preSolution
		HideSolutionNode = FALSE
	EndGlobalSection
	GlobalSection(ExtensibilityGlobals) = postSolution
		SolutionGuid = {8696BA5E-B7E2-4028-8AE9-607B80423CD7}
	EndGlobalSection
EndGlobal
